
Microsoft Visual Studio Solution File, Format Version 11.00
# Visual Studio 2010
Project("{FAE04EC0-301F-11D3-BF4B-00C04F79EFBC}") = "Assembly-CSharp", "Assembly-CSharp.csproj", "{1B05B96D-9AF9-70E1-DEB0-8A76FBF59247}"
EndProject
Project("{FAE04EC0-301F-11D3-BF4B-00C04F79EFBC}") = "Assembly-CSharp-Editor", "Assembly-CSharp-Editor.csproj", "{D028C321-D891-A8CD-A509-46CEC50AE8F6}"
EndProject
Global
	GlobalSection(SolutionConfigurationPlatforms) = preSolution
		Debug|Any CPU = Debug|Any CPU
		Release|Any CPU = Release|Any CPU
	EndGlobalSection
	GlobalSection(ProjectConfigurationPlatforms) = postSolution
		{1B05B96D-9AF9-70E1-DEB0-8A76FBF59247}.Debug|Any CPU.ActiveCfg = Debug|Any CPU
		{1B05B96D-9AF9-70E1-DEB0-8A76FBF59247}.Debug|Any CPU.Build.0 = Debug|Any CPU
		{1B05B96D-9AF9-70E1-DEB0-8A76FBF59247}.Release|Any CPU.ActiveCfg = Release|Any CPU
		{1B05B96D-9AF9-70E1-DEB0-8A76FBF59247}.Release|Any CPU.Build.0 = Release|Any CPU
		{D028C321-D891-A8CD-A509-46CEC50AE8F6}.Debug|Any CPU.ActiveCfg = Debug|Any CPU
		{D028C321-D891-A8CD-A509-46CEC50AE8F6}.Debug|Any CPU.Build.0 = Debug|Any CPU
		{D028C321-D891-A8CD-A509-46CEC50AE8F6}.Release|Any CPU.ActiveCfg = Release|Any CPU
		{D028C321-D891-A8CD-A509-46CEC50AE8F6}.Release|Any CPU.Build.0 = Release|Any CPU
	EndGlobalSection
	GlobalSection(SolutionProperties) = preSolution
		HideSolutionNode = FALSE
	EndGlobalSection
	GlobalSection(MonoDevelopProperties) = preSolution
		StartupItem = Assembly-CSharp.csproj
	EndGlobalSection
EndGlobal
